Microsoft Visual Studio Solution File, Format Version 12.00
# Visual Studio Version 17
VisualStudioVersion = 17.5.2.0
MinimumVisualStudioVersion = 10.0.40219.1
Project("{2150E333-8FDC-42A3-9474-1A3956D46DE8}") = "Semana03", "Semana03", "{CC1C4F68-EE05-6554-6428-1244ADC8605A}"
EndProject
Project("{2150E333-8FDC-42A3-9474-1A3956D46DE8}") = "Semana04", "Semana04", "{B02F4BD1-F6B1-82DD-4D81-3B68FAC90A62}"
EndProject
Project("{2150E333-8FDC-42A3-9474-1A3956D46DE8}") = "Semana05", "Semana05", "{E1322F4C-27BF-331C-4BA8-E5C7720E0EDE}"
EndProject
Project("{2150E333-8FDC-42A3-9474-1A3956D46DE8}") = "Semana06", "Semana06", "{99510A73-EF92-9276-193F-6914251613E0}"
EndProject
Project("{2150E333-8FDC-42A3-9474-1A3956D46DE8}") = "Semana02", "Semana02", "{2789442B-8184-5A15-E626-D61427A372ED}"
EndProject
Project("{FAE04EC0-301F-11D3-BF4B-00C04F79EFBC}") = "Exercicio03", "Semana03\Exercicio03\Exercicio03.csproj", "{7882BC31-9924-F2F7-C211-258BC189456A}"
EndProject
Project("{FAE04EC0-301F-11D3-BF4B-00C04F79EFBC}") = "Exercicio04", "Semana03\Exercicio04\Exercicio04.csproj", "{F5E2A528-1586-D1F1-0E96-3F0995855024}"
EndProject
Project("{FAE04EC0-301F-11D3-BF4B-00C04F79EFBC}") = "Exercicio02", "Semana04\Exercicio02\Exercicio02.csproj", "{007F7835-C9DB-706C-890F-19B90A20BA57}"
EndProject
Project("{FAE04EC0-301F-11D3-BF4B-00C04F79EFBC}") = "Exercicio02", "Semana05\Exercicio02\Exercicio02.csproj", "{E6D11BEC-79DE-EFBD-7E06-DB658A514286}"
EndProject
Project("{FAE04EC0-301F-11D3-BF4B-00C04F79EFBC}") = "Exercicio03", "Semana05\Exercicio03\Exercicio03.csproj", "{CDFFE822-1071-E686-6B2A-8C5C2C3BC834}"
EndProject
Project("{FAE04EC0-301F-11D3-BF4B-00C04F79EFBC}") = "Exercicio04", "Semana05\Exercicio04\Exercicio04.csproj", "{E62E3125-3722-A005-6EF9-E656EA949079}"
EndProject
Project("{FAE04EC0-301F-11D3-BF4B-00C04F79EFBC}") = "Exercicio02", "Semana06\Exercicio02\Exercicio02.csproj", "{4AE97E47-5539-7697-10C9-FE486AFDA65E}"
EndProject
Project("{2150E333-8FDC-42A3-9474-1A3956D46DE8}") = "Exercicio04", "Exercicio04", "{CF8705C2-8CCF-3EC2-40EF-AFF23C95C1ED}"
EndProject
Project("{FAE04EC0-301F-11D3-BF4B-00C04F79EFBC}") = "SEII-MuriloMartinsDias", "Semana02\Exercicio04\ConsoleApp\SEII-MuriloMartinsDias.csproj", "{6EF0AFBF-FA19-E2E5-FAE7-B65D88FFDCB7}"
EndProject
Project("{2150E333-8FDC-42A3-9474-1A3956D46DE8}") = "Exercicio03", "Exercicio03", "{5FFA00DA-2F3A-41B9-D6EE-26AC3F90DB7F}"
EndProject
Project("{2150E333-8FDC-42A3-9474-1A3956D46DE8}") = "Video1_2", "Video1_2", "{16D40C78-56FE-BCD1-2B41-438077DFB3F1}"
EndProject
Project("{FAE04EC0-301F-11D3-BF4B-00C04F79EFBC}") = "Client", "Semana06\Exercicio03\Video1_2\Client\Client.csproj", "{09EC2C4D-EE75-0069-05CA-46BC6C829DEE}"
EndProject
Project("{FAE04EC0-301F-11D3-BF4B-00C04F79EFBC}") = "Server", "Semana06\Exercicio03\Video1_2\Server\Server.csproj", "{8A2638F3-DC83-8947-B40C-425501FAD7B6}"
EndProject
Project("{2150E333-8FDC-42A3-9474-1A3956D46DE8}") = "Video3_4", "Video3_4", "{8E8DBF35-A313-7C69-26A4-E5BC19067AA6}"
EndProject
Project("{FAE04EC0-301F-11D3-BF4B-00C04F79EFBC}") = "Client", "Semana06\Exercicio03\Video3_4\Client\Client.csproj", "{F6A406AB-4CE3-8E55-A76D-6B8AB8ABE8FC}"
EndProject
Project("{FAE04EC0-301F-11D3-BF4B-00C04F79EFBC}") = "Server", "Semana06\Exercicio03\Video3_4\Server\Server.csproj", "{C8D10AE0-09B0-C956-158A-8A610A121006}"
EndProject
Project("{2150E333-8FDC-42A3-9474-1A3956D46DE8}") = "Video5", "Video5", "{A045B875-BA8E-384B-D435-F9147CDCF14F}"
EndProject
Project("{FAE04EC0-301F-11D3-BF4B-00C04F79EFBC}") = "Client_GUI", "Semana06\Exercicio03\Video5\Client_GUI\Client_GUI.csproj", "{9F220FEE-02C6-AB20-5FDC-4B08ABA67669}"
EndProject
Project("{FAE04EC0-301F-11D3-BF4B-00C04F79EFBC}") = "Server_GUI", "Semana06\Exercicio03\Video5\Server_GUI\Server_GUI.csproj", "{05B7002C-CDE4-B2B7-84DD-F90DCF943726}"
EndProject
Project("{2150E333-8FDC-42A3-9474-1A3956D46DE8}") = "Video6", "Video6", "{5DEDF80F-7C24-1982-9FE1-604AAE519B3E}"
EndProject
Project("{FAE04EC0-301F-11D3-BF4B-00C04F79EFBC}") = "TextClient", "Semana06\Exercicio03\Video6\TextClient\TextClient.csproj", "{17B469DB-E995-4363-9AA4-5DCECC43579C}"
EndProject
Project("{FAE04EC0-301F-11D3-BF4B-00C04F79EFBC}") = "TextServer", "Semana06\Exercicio03\Video6\TextServer\TextServer.csproj", "{E6EC1AD7-D141-F748-1C18-A67E59453358}"
EndProject
Global
	GlobalSection(SolutionConfigurationPlatforms) = preSolution
		Debug|Any CPU = Debug|Any CPU
		Release|Any CPU = Release|Any CPU
	EndGlobalSection
	GlobalSection(ProjectConfigurationPlatforms) = postSolution
		{7882BC31-9924-F2F7-C211-258BC189456A}.Debug|Any CPU.ActiveCfg = Debug|Any CPU
		{7882BC31-9924-F2F7-C211-258BC189456A}.Debug|Any CPU.Build.0 = Debug|Any CPU
		{7882BC31-9924-F2F7-C211-258BC189456A}.Release|Any CPU.ActiveCfg = Release|Any CPU
		{7882BC31-9924-F2F7-C211-258BC189456A}.Release|Any CPU.Build.0 = Release|Any CPU
		{F5E2A528-1586-D1F1-0E96-3F0995855024}.Debug|Any CPU.ActiveCfg = Debug|Any CPU
		{F5E2A528-1586-D1F1-0E96-3F0995855024}.Debug|Any CPU.Build.0 = Debug|Any CPU
		{F5E2A528-1586-D1F1-0E96-3F0995855024}.Release|Any CPU.ActiveCfg = Release|Any CPU
		{F5E2A528-1586-D1F1-0E96-3F0995855024}.Release|Any CPU.Build.0 = Release|Any CPU
		{007F7835-C9DB-706C-890F-19B90A20BA57}.Debug|Any CPU.ActiveCfg = Debug|Any CPU
		{007F7835-C9DB-706C-890F-19B90A20BA57}.Debug|Any CPU.Build.0 = Debug|Any CPU
		{007F7835-C9DB-706C-890F-19B90A20BA57}.Release|Any CPU.ActiveCfg = Release|Any CPU
		{007F7835-C9DB-706C-890F-19B90A20BA57}.Release|Any CPU.Build.0 = Release|Any CPU
		{E6D11BEC-79DE-EFBD-7E06-DB658A514286}.Debug|Any CPU.ActiveCfg = Debug|Any CPU
		{E6D11BEC-79DE-EFBD-7E06-DB658A514286}.Debug|Any CPU.Build.0 = Debug|Any CPU
		{E6D11BEC-79DE-EFBD-7E06-DB658A514286}.Release|Any CPU.ActiveCfg = Release|Any CPU
		{E6D11BEC-79DE-EFBD-7E06-DB658A514286}.Release|Any CPU.Build.0 = Release|Any CPU
		{CDFFE822-1071-E686-6B2A-8C5C2C3BC834}.Debug|Any CPU.ActiveCfg = Debug|Any CPU
		{CDFFE822-1071-E686-6B2A-8C5C2C3BC834}.Debug|Any CPU.Build.0 = Debug|Any CPU
		{CDFFE822-1071-E686-6B2A-8C5C2C3BC834}.Release|Any CPU.ActiveCfg = Release|Any CPU
		{CDFFE822-1071-E686-6B2A-8C5C2C3BC834}.Release|Any CPU.Build.0 = Release|Any CPU
		{E62E3125-3722-A005-6EF9-E656EA949079}.Debug|Any CPU.ActiveCfg = Debug|Any CPU
		{E62E3125-3722-A005-6EF9-E656EA949079}.Debug|Any CPU.Build.0 = Debug|Any CPU
		{E62E3125-3722-A005-6EF9-E656EA949079}.Release|Any CPU.ActiveCfg = Release|Any CPU
		{E62E3125-3722-A005-6EF9-E656EA949079}.Release|Any CPU.Build.0 = Release|Any CPU
		{4AE97E47-5539-7697-10C9-FE486AFDA65E}.Debug|Any CPU.ActiveCfg = Debug|Any CPU
		{4AE97E47-5539-7697-10C9-FE486AFDA65E}.Debug|Any CPU.Build.0 = Debug|Any CPU
		{4AE97E47-5539-7697-10C9-FE486AFDA65E}.Release|Any CPU.ActiveCfg = Release|Any CPU
		{4AE97E47-5539-7697-10C9-FE486AFDA65E}.Release|Any CPU.Build.0 = Release|Any CPU
		{6EF0AFBF-FA19-E2E5-FAE7-B65D88FFDCB7}.Debug|Any CPU.ActiveCfg = Debug|Any CPU
		{6EF0AFBF-FA19-E2E5-FAE7-B65D88FFDCB7}.Debug|Any CPU.Build.0 = Debug|Any CPU
		{6EF0AFBF-FA19-E2E5-FAE7-B65D88FFDCB7}.Release|Any CPU.ActiveCfg = Release|Any CPU
		{6EF0AFBF-FA19-E2E5-FAE7-B65D88FFDCB7}.Release|Any CPU.Build.0 = Release|Any CPU
		{09EC2C4D-EE75-0069-05CA-46BC6C829DEE}.Debug|Any CPU.ActiveCfg = Debug|Any CPU
		{09EC2C4D-EE75-0069-05CA-46BC6C829DEE}.Debug|Any CPU.Build.0 = Debug|Any CPU
		{09EC2C4D-EE75-0069-05CA-46BC6C829DEE}.Release|Any CPU.ActiveCfg = Release|Any CPU
		{09EC2C4D-EE75-0069-05CA-46BC6C829DEE}.Release|Any CPU.Build.0 = Release|Any CPU
		{8A2638F3-DC83-8947-B40C-425501FAD7B6}.Debug|Any CPU.ActiveCfg = Debug|Any CPU
		{8A2638F3-DC83-8947-B40C-425501FAD7B6}.Debug|Any CPU.Build.0 = Debug|Any CPU
		{8A2638F3-DC83-8947-B40C-425501FAD7B6}.Release|Any CPU.ActiveCfg = Release|Any CPU
		{8A2638F3-DC83-8947-B40C-425501FAD7B6}.Release|Any CPU.Build.0 = Release|Any CPU
		{F6A406AB-4CE3-8E55-A76D-6B8AB8ABE8FC}.Debug|Any CPU.ActiveCfg = Debug|Any CPU
		{F6A406AB-4CE3-8E55-A76D-6B8AB8ABE8FC}.Debug|Any CPU.Build.0 = Debug|Any CPU
		{F6A406AB-4CE3-8E55-A76D-6B8AB8ABE8FC}.Release|Any CPU.ActiveCfg = Release|Any CPU
		{F6A406AB-4CE3-8E55-A76D-6B8AB8ABE8FC}.Release|Any CPU.Build.0 = Release|Any CPU
		{C8D10AE0-09B0-C956-158A-8A610A121006}.Debug|Any CPU.ActiveCfg = Debug|Any CPU
		{C8D10AE0-09B0-C956-158A-8A610A121006}.Debug|Any CPU.Build.0 = Debug|Any CPU
		{C8D10AE0-09B0-C956-158A-8A610A121006}.Release|Any CPU.ActiveCfg = Release|Any CPU
		{C8D10AE0-09B0-C956-158A-8A610A121006}.Release|Any CPU.Build.0 = Release|Any CPU
		{9F220FEE-02C6-AB20-5FDC-4B08ABA67669}.Debug|Any CPU.ActiveCfg = Debug|Any CPU
		{9F220FEE-02C6-AB20-5FDC-4B08ABA67669}.Debug|Any CPU.Build.0 = Debug|Any CPU
		{9F220FEE-02C6-AB20-5FDC-4B08ABA67669}.Release|Any CPU.ActiveCfg = Release|Any CPU
		{9F220FEE-02C6-AB20-5FDC-4B08ABA67669}.Release|Any CPU.Build.0 = Release|Any CPU
		{05B7002C-CDE4-B2B7-84DD-F90DCF943726}.Debug|Any CPU.ActiveCfg = Debug|Any CPU
		{05B7002C-CDE4-B2B7-84DD-F90DCF943726}.Debug|Any CPU.Build.0 = Debug|Any CPU
		{05B7002C-CDE4-B2B7-84DD-F90DCF943726}.Release|Any CPU.ActiveCfg = Release|Any CPU
		{05B7002C-CDE4-B2B7-84DD-F90DCF943726}.Release|Any CPU.Build.0 = Release|Any CPU
		{17B469DB-E995-4363-9AA4-5DCECC43579C}.Debug|Any CPU.ActiveCfg = Debug|Any CPU
		{17B469DB-E995-4363-9AA4-5DCECC43579C}.Debug|Any CPU.Build.0 = Debug|Any CPU
		{17B469DB-E995-4363-9AA4-5DCECC43579C}.Release|Any CPU.ActiveCfg = Release|Any CPU
		{17B469DB-E995-4363-9AA4-5DCECC43579C}.Release|Any CPU.Build.0 = Release|Any CPU
		{E6EC1AD7-D141-F748-1C18-A67E59453358}.Debug|Any CPU.ActiveCfg = Debug|Any CPU
		{E6EC1AD7-D141-F748-1C18-A67E59453358}.Debug|Any CPU.Build.0 = Debug|Any CPU
		{E6EC1AD7-D141-F748-1C18-A67E59453358}.Release|Any CPU.ActiveCfg = Release|Any CPU
		{E6EC1AD7-D141-F748-1C18-A67E59453358}.Release|Any CPU.Build.0 = Release|Any CPU
	EndGlobalSection
	GlobalSection(SolutionProperties) = preSolution
		HideSolutionNode = FALSE
	EndGlobalSection
	GlobalSection(NestedProjects) = preSolution
		{7882BC31-9924-F2F7-C211-258BC189456A} = {CC1C4F68-EE05-6554-6428-1244ADC8605A}
		{F5E2A528-1586-D1F1-0E96-3F0995855024} = {CC1C4F68-EE05-6554-6428-1244ADC8605A}
		{007F7835-C9DB-706C-890F-19B90A20BA57} = {B02F4BD1-F6B1-82DD-4D81-3B68FAC90A62}
		{E6D11BEC-79DE-EFBD-7E06-DB658A514286} = {E1322F4C-27BF-331C-4BA8-E5C7720E0EDE}
		{CDFFE822-1071-E686-6B2A-8C5C2C3BC834} = {E1322F4C-27BF-331C-4BA8-E5C7720E0EDE}
		{E62E3125-3722-A005-6EF9-E656EA949079} = {E1322F4C-27BF-331C-4BA8-E5C7720E0EDE}
		{4AE97E47-5539-7697-10C9-FE486AFDA65E} = {99510A73-EF92-9276-193F-6914251613E0}
		{CF8705C2-8CCF-3EC2-40EF-AFF23C95C1ED} = {2789442B-8184-5A15-E626-D61427A372ED}
		{6EF0AFBF-FA19-E2E5-FAE7-B65D88FFDCB7} = {CF8705C2-8CCF-3EC2-40EF-AFF23C95C1ED}
		{5FFA00DA-2F3A-41B9-D6EE-26AC3F90DB7F} = {99510A73-EF92-9276-193F-6914251613E0}
		{16D40C78-56FE-BCD1-2B41-438077DFB3F1} = {5FFA00DA-2F3A-41B9-D6EE-26AC3F90DB7F}
		{09EC2C4D-EE75-0069-05CA-46BC6C829DEE} = {16D40C78-56FE-BCD1-2B41-438077DFB3F1}
		{8A2638F3-DC83-8947-B40C-425501FAD7B6} = {16D40C78-56FE-BCD1-2B41-438077DFB3F1}
		{8E8DBF35-A313-7C69-26A4-E5BC19067AA6} = {5FFA00DA-2F3A-41B9-D6EE-26AC3F90DB7F}
		{F6A406AB-4CE3-8E55-A76D-6B8AB8ABE8FC} = {8E8DBF35-A313-7C69-26A4-E5BC19067AA6}
		{C8D10AE0-09B0-C956-158A-8A610A121006} = {8E8DBF35-A313-7C69-26A4-E5BC19067AA6}
		{A045B875-BA8E-384B-D435-F9147CDCF14F} = {5FFA00DA-2F3A-41B9-D6EE-26AC3F90DB7F}
		{9F220FEE-02C6-AB20-5FDC-4B08ABA67669} = {A045B875-BA8E-384B-D435-F9147CDCF14F}
		{05B7002C-CDE4-B2B7-84DD-F90DCF943726} = {A045B875-BA8E-384B-D435-F9147CDCF14F}
		{5DEDF80F-7C24-1982-9FE1-604AAE519B3E} = {5FFA00DA-2F3A-41B9-D6EE-26AC3F90DB7F}
		{17B469DB-E995-4363-9AA4-5DCECC43579C} = {5DEDF80F-7C24-1982-9FE1-604AAE519B3E}
		{E6EC1AD7-D141-F748-1C18-A67E59453358} = {5DEDF80F-7C24-1982-9FE1-604AAE519B3E}
	EndGlobalSection
	GlobalSection(ExtensibilityGlobals) = postSolution
		SolutionGuid = {6C6DBA1B-D1FF-4555-850E-FAFD93F3B5CE}
	EndGlobalSection
EndGlobal
