
Microsoft Visual Studio Solution File, Format Version 12.00
# Visual Studio Version 17
VisualStudioVersion = 17.13.35931.197 d17.13
MinimumVisualStudioVersion = 10.0.40219.1
Project("{FAE04EC0-301F-11D3-BF4B-00C04F79EFBC}") = "Cliente", "Cliente\Cliente.csproj", "{A93165F2-2A7C-4C45-858E-955BD9987CFB}"
EndProject
Global
	GlobalSection(SolutionConfigurationPlatforms) = preSolution
		Debug|Any CPU = Debug|Any CPU
		Release|Any CPU = Release|Any CPU
	EndGlobalSection
	GlobalSection(ProjectConfigurationPlatforms) = postSolution
		{A93165F2-2A7C-4C45-858E-955BD9987CFB}.Debug|Any CPU.ActiveCfg = Debug|Any CPU
		{A93165F2-2A7C-4C45-858E-955BD9987CFB}.Debug|Any CPU.Build.0 = Debug|Any CPU
		{A93165F2-2A7C-4C45-858E-955BD9987CFB}.Release|Any CPU.ActiveCfg = Release|Any CPU
		{A93165F2-2A7C-4C45-858E-955BD9987CFB}.Release|Any CPU.Build.0 = Release|Any CPU
	EndGlobalSection
	GlobalSection(SolutionProperties) = preSolution
		HideSolutionNode = FALSE
	EndGlobalSection
	GlobalSection(ExtensibilityGlobals) = postSolution
		SolutionGuid = {B0CDE30F-1E3B-4C73-B4A9-D81F5C0B7505}
	EndGlobalSection
EndGlobal
