
Microsoft Visual Studio Solution File, Format Version 12.00
# Visual Studio Version 17
VisualStudioVersion = 17.13.35931.197 d17.13
MinimumVisualStudioVersion = 10.0.40219.1
Project("{FAE04EC0-301F-11D3-BF4B-00C04F79EFBC}") = "MauiApp1", "MauiApp1\MauiApp1.csproj", "{36569DF4-16FF-43F4-97E6-14DEF8E0CDFA}"
EndProject
Global
	GlobalSection(SolutionConfigurationPlatforms) = preSolution
		Debug|Any CPU = Debug|Any CPU
		Release|Any CPU = Release|Any CPU
	EndGlobalSection
	GlobalSection(ProjectConfigurationPlatforms) = postSolution
		{36569DF4-16FF-43F4-97E6-14DEF8E0CDFA}.Debug|Any CPU.ActiveCfg = Debug|Any CPU
		{36569DF4-16FF-43F4-97E6-14DEF8E0CDFA}.Debug|Any CPU.Build.0 = Debug|Any CPU
		{36569DF4-16FF-43F4-97E6-14DEF8E0CDFA}.Release|Any CPU.ActiveCfg = Release|Any CPU
		{36569DF4-16FF-43F4-97E6-14DEF8E0CDFA}.Release|Any CPU.Build.0 = Release|Any CPU
	EndGlobalSection
	GlobalSection(SolutionProperties) = preSolution
		HideSolutionNode = FALSE
	EndGlobalSection
	GlobalSection(ExtensibilityGlobals) = postSolution
		SolutionGuid = {D7C56808-71F9-4C7B-82F5-D299B13EB0D0}
	EndGlobalSection
EndGlobal
